// !$*UTF8*$!
{
	archiveVersion = 1;
	classes = {
	};
	objectVersion = 46;
	objects = {

/* Begin PBXBuildFile section */
		AF4F35908F77E09FFE37A730 /* Pods_ExportGoodsImage.framework in Frameworks */ = {isa = PBXBuildFile; fileRef = 671505A54FA49F8E320C16F9 /* Pods_ExportGoodsImage.framework */; };
		E64EDE0D1D0C12C30003C26C /* main.m in Sources */ = {isa = PBXBuildFile; fileRef = E64EDE0C1D0C12C30003C26C /* main.m */; };
		E64EDE101D0C12C30003C26C /* AppDelegate.m in Sources */ = {isa = PBXBuildFile; fileRef = E64EDE0F1D0C12C30003C26C /* AppDelegate.m */; };
		E64EDE131D0C12C30003C26C /* ViewController.m in Sources */ = {isa = PBXBuildFile; fileRef = E64EDE121D0C12C30003C26C /* ViewController.m */; };
		E64EDE161D0C12C30003C26C /* Main.storyboard in Resources */ = {isa = PBXBuildFile; fileRef = E64EDE141D0C12C30003C26C /* Main.storyboard */; };
		E64EDE181D0C12C30003C26C /* Assets.xcassets in Resources */ = {isa = PBXBuildFile; fileRef = E64EDE171D0C12C30003C26C /* Assets.xcassets */; };
		E64EDE1B1D0C12C30003C26C /* LaunchScreen.storyboard in Resources */ = {isa = PBXBuildFile; fileRef = E64EDE191D0C12C30003C26C /* LaunchScreen.storyboard */; };
		E64EDE241D0C12D90003C26C /* ExportGoodsView.m in Sources */ = {isa = PBXBuildFile; fileRef = E64EDE231D0C12D90003C26C /* ExportGoodsView.m */; };
		E64EDE271D0C27290003C26C /* SizeParaLabel.m in Sources */ = {isa = PBXBuildFile; fileRef = E64EDE261D0C27290003C26C /* SizeParaLabel.m */; };
		E64EDE2A1D0CF90C0003C26C /* DashLineView.m in Sources */ = {isa = PBXBuildFile; fileRef = E64EDE291D0CF90C0003C26C /* DashLineView.m */; };
		E64EDE2D1D0D39E60003C26C /* GoodsData.m in Sources */ = {isa = PBXBuildFile; fileRef = E64EDE2C1D0D39E60003C26C /* GoodsData.m */; };
		E64EDE301D0D490D0003C26C /* ImageLoadModel.m in Sources */ = {isa = PBXBuildFile; fileRef = E64EDE2F1D0D490D0003C26C /* ImageLoadModel.m */; };
		E64EDE331D0D69850003C26C /* MyHTTPConnection.m in Sources */ = {isa = PBXBuildFile; fileRef = E64EDE321D0D69850003C26C /* MyHTTPConnection.m */; };
		E64EDE361D0D74150003C26C /* ExportImageManager.m in Sources */ = {isa = PBXBuildFile; fileRef = E64EDE351D0D74150003C26C /* ExportImageManager.m */; };
		E64EDE5E1D0E8DF10003C26C /* goods.json in Resources */ = {isa = PBXBuildFile; fileRef = E64EDE5D1D0E8DF10003C26C /* goods.json */; };
		E64EDE601D0E8EBC0003C26C /* InterfaceUrl.plist in Resources */ = {isa = PBXBuildFile; fileRef = E64EDE5F1D0E8EBC0003C26C /* InterfaceUrl.plist */; };
		E64EDE681D0FC0450003C26C /* ACaslonPro_BoldItalic.otf in Resources */ = {isa = PBXBuildFile; fileRef = E64EDE621D0FC0450003C26C /* ACaslonPro_BoldItalic.otf */; };
		E64EDE691D0FC0450003C26C /* ACaslonPro_Italic.otf in Resources */ = {isa = PBXBuildFile; fileRef = E64EDE631D0FC0450003C26C /* ACaslonPro_Italic.otf */; };
		E64EDE6A1D0FC0450003C26C /* ACaslonPro_SemiboldItalic.otf in Resources */ = {isa = PBXBuildFile; fileRef = E64EDE641D0FC0450003C26C /* ACaslonPro_SemiboldItalic.otf */; };
		E64EDE6B1D0FC0450003C26C /* AdobeHeitiStd_Regular.otf in Resources */ = {isa = PBXBuildFile; fileRef = E64EDE651D0FC0450003C26C /* AdobeHeitiStd_Regular.otf */; };
		E64EDE6C1D0FC0450003C26C /* Bradley_Hand_Bold.ttf in Resources */ = {isa = PBXBuildFile; fileRef = E64EDE661D0FC0450003C26C /* Bradley_Hand_Bold.ttf */; };
		E64EDE6D1D0FC0450003C26C /* Lantinghei.ttc in Resources */ = {isa = PBXBuildFile; fileRef = E64EDE671D0FC0450003C26C /* Lantinghei.ttc */; };
/* End PBXBuildFile section */

/* Begin PBXFileReference section */
		671505A54FA49F8E320C16F9 /* Pods_ExportGoodsImage.framework */ = {isa = PBXFileReference; explicitFileType = wrapper.framework; includeInIndex = 0; path = Pods_ExportGoodsImage.framework; sourceTree = BUILT_PRODUCTS_DIR; };
		7168866C5F2F4B1155E9BA9F /* Pods-ExportGoodsImage.release.xcconfig */ = {isa = PBXFileReference; includeInIndex = 1; lastKnownFileType = text.xcconfig; name = "Pods-ExportGoodsImage.release.xcconfig"; path = "Pods/Target Support Files/Pods-ExportGoodsImage/Pods-ExportGoodsImage.release.xcconfig"; sourceTree = "<group>"; };
		A6B37EC546EEF3F077EE02DC /* Pods-ExportGoodsImage.debug.xcconfig */ = {isa = PBXFileReference; includeInIndex = 1; lastKnownFileType = text.xcconfig; name = "Pods-ExportGoodsImage.debug.xcconfig"; path = "Pods/Target Support Files/Pods-ExportGoodsImage/Pods-ExportGoodsImage.debug.xcconfig"; sourceTree = "<group>"; };
		E64EDE081D0C12C30003C26C /* ExportGoodsImage.app */ = {isa = PBXFileReference; explicitFileType = wrapper.application; includeInIndex = 0; path = ExportGoodsImage.app; sourceTree = BUILT_PRODUCTS_DIR; };
		E64EDE0C1D0C12C30003C26C /* main.m */ = {isa = PBXFileReference; lastKnownFileType = sourcecode.c.objc; path = main.m; sourceTree = "<group>"; };
		E64EDE0E1D0C12C30003C26C /* AppDelegate.h */ = {isa = PBXFileReference; lastKnownFileType = sourcecode.c.h; path = AppDelegate.h; sourceTree = "<group>"; };
		E64EDE0F1D0C12C30003C26C /* AppDelegate.m */ = {isa = PBXFileReference; lastKnownFileType = sourcecode.c.objc; path = AppDelegate.m; sourceTree = "<group>"; };
		E64EDE111D0C12C30003C26C /* ViewController.h */ = {isa = PBXFileReference; lastKnownFileType = sourcecode.c.h; path = ViewController.h; sourceTree = "<group>"; };
		E64EDE121D0C12C30003C26C /* ViewController.m */ = {isa = PBXFileReference; lastKnownFileType = sourcecode.c.objc; path = ViewController.m; sourceTree = "<group>"; };
		E64EDE151D0C12C30003C26C /* Base */ = {isa = PBXFileReference; lastKnownFileType = file.storyboard; name = Base; path = Base.lproj/Main.storyboard; sourceTree = "<group>"; };
		E64EDE171D0C12C30003C26C /* Assets.xcassets */ = {isa = PBXFileReference; lastKnownFileType = folder.assetcatalog; path = Assets.xcassets; sourceTree = "<group>"; };
		E64EDE1A1D0C12C30003C26C /* Base */ = {isa = PBXFileReference; lastKnownFileType = file.storyboard; name = Base; path = Base.lproj/LaunchScreen.storyboard; sourceTree = "<group>"; };
		E64EDE1C1D0C12C30003C26C /* Info.plist */ = {isa = PBXFileReference; lastKnownFileType = text.plist.xml; path = Info.plist; sourceTree = "<group>"; };
		E64EDE221D0C12D90003C26C /* ExportGoodsView.h */ = {isa = PBXFileReference; fileEncoding = 4; lastKnownFileType = sourcecode.c.h; path = ExportGoodsView.h; sourceTree = "<group>"; };
		E64EDE231D0C12D90003C26C /* ExportGoodsView.m */ = {isa = PBXFileReference; fileEncoding = 4; lastKnownFileType = sourcecode.c.objc; path = ExportGoodsView.m; sourceTree = "<group>"; };
		E64EDE251D0C27290003C26C /* SizeParaLabel.h */ = {isa = PBXFileReference; fileEncoding = 4; lastKnownFileType = sourcecode.c.h; path = SizeParaLabel.h; sourceTree = "<group>"; };
		E64EDE261D0C27290003C26C /* SizeParaLabel.m */ = {isa = PBXFileReference; fileEncoding = 4; lastKnownFileType = sourcecode.c.objc; path = SizeParaLabel.m; sourceTree = "<group>"; };
		E64EDE281D0CF90C0003C26C /* DashLineView.h */ = {isa = PBXFileReference; fileEncoding = 4; lastKnownFileType = sourcecode.c.h; path = DashLineView.h; sourceTree = "<group>"; };
		E64EDE291D0CF90C0003C26C /* DashLineView.m */ = {isa = PBXFileReference; fileEncoding = 4; lastKnownFileType = sourcecode.c.objc; path = DashLineView.m; sourceTree = "<group>"; };
		E64EDE2B1D0D39E60003C26C /* GoodsData.h */ = {isa = PBXFileReference; fileEncoding = 4; lastKnownFileType = sourcecode.c.h; path = GoodsData.h; sourceTree = "<group>"; };
		E64EDE2C1D0D39E60003C26C /* GoodsData.m */ = {isa = PBXFileReference; fileEncoding = 4; lastKnownFileType = sourcecode.c.objc; path = GoodsData.m; sourceTree = "<group>"; };
		E64EDE2E1D0D490D0003C26C /* ImageLoadModel.h */ = {isa = PBXFileReference; fileEncoding = 4; lastKnownFileType = sourcecode.c.h; path = ImageLoadModel.h; sourceTree = "<group>"; };
		E64EDE2F1D0D490D0003C26C /* ImageLoadModel.m */ = {isa = PBXFileReference; fileEncoding = 4; lastKnownFileType = sourcecode.c.objc; path = ImageLoadModel.m; sourceTree = "<group>"; };
		E64EDE311D0D69850003C26C /* MyHTTPConnection.h */ = {isa = PBXFileReference; fileEncoding = 4; lastKnownFileType = sourcecode.c.h; path = MyHTTPConnection.h; sourceTree = "<group>"; };
		E64EDE321D0D69850003C26C /* MyHTTPConnection.m */ = {isa = PBXFileReference; fileEncoding = 4; lastKnownFileType = sourcecode.c.objc; path = MyHTTPConnection.m; sourceTree = "<group>"; };
		E64EDE341D0D74150003C26C /* ExportImageManager.h */ = {isa = PBXFileReference; fileEncoding = 4; lastKnownFileType = sourcecode.c.h; path = ExportImageManager.h; sourceTree = "<group>"; };
		E64EDE351D0D74150003C26C /* ExportImageManager.m */ = {isa = PBXFileReference; fileEncoding = 4; lastKnownFileType = sourcecode.c.objc; path = ExportImageManager.m; sourceTree = "<group>"; };
		E64EDE371D0DA7860003C26C /* Config.h */ = {isa = PBXFileReference; lastKnownFileType = sourcecode.c.h; path = Config.h; sourceTree = "<group>"; };
		E64EDE5D1D0E8DF10003C26C /* goods.json */ = {isa = PBXFileReference; fileEncoding = 4; lastKnownFileType = text.json; path = goods.json; sourceTree = "<group>"; };
		E64EDE5F1D0E8EBC0003C26C /* InterfaceUrl.plist */ = {isa = PBXFileReference; fileEncoding = 4; lastKnownFileType = text.plist.xml; path = InterfaceUrl.plist; sourceTree = "<group>"; };
		E64EDE621D0FC0450003C26C /* ACaslonPro_BoldItalic.otf */ = {isa = PBXFileReference; lastKnownFileType = file; path = ACaslonPro_BoldItalic.otf; sourceTree = "<group>"; };
		E64EDE631D0FC0450003C26C /* ACaslonPro_Italic.otf */ = {isa = PBXFileReference; lastKnownFileType = file; path = ACaslonPro_Italic.otf; sourceTree = "<group>"; };
		E64EDE641D0FC0450003C26C /* ACaslonPro_SemiboldItalic.otf */ = {isa = PBXFileReference; lastKnownFileType = file; path = ACaslonPro_SemiboldItalic.otf; sourceTree = "<group>"; };
		E64EDE651D0FC0450003C26C /* AdobeHeitiStd_Regular.otf */ = {isa = PBXFileReference; lastKnownFileType = file; path = AdobeHeitiStd_Regular.otf; sourceTree = "<group>"; };
		E64EDE661D0FC0450003C26C /* Bradley_Hand_Bold.ttf */ = {isa = PBXFileReference; lastKnownFileType = file; path = Bradley_Hand_Bold.ttf; sourceTree = "<group>"; };
		E64EDE671D0FC0450003C26C /* Lantinghei.ttc */ = {isa = PBXFileReference; lastKnownFileType = file; path = Lantinghei.ttc; sourceTree = "<group>"; };
/* End PBXFileReference section */

/* Begin PBXFrameworksBuildPhase section */
		E64EDE051D0C12C30003C26C /* Frameworks */ = {
			isa = PBXFrameworksBuildPhase;
			buildActionMask = 2147483647;
			files = (
				AF4F35908F77E09FFE37A730 /* Pods_ExportGoodsImage.framework in Frameworks */,
			);
			runOnlyForDeploymentPostprocessing = 0;
		};
/* End PBXFrameworksBuildPhase section */

/* Begin PBXGroup section */
		08B61743F4343DF98CE03B4B /* Pods */ = {
			isa = PBXGroup;
			children = (
				A6B37EC546EEF3F077EE02DC /* Pods-ExportGoodsImage.debug.xcconfig */,
				7168866C5F2F4B1155E9BA9F /* Pods-ExportGoodsImage.release.xcconfig */,
			);
			name = Pods;
			sourceTree = "<group>";
		};
		C24229C4E85E922A93DE8923 /* Frameworks */ = {
			isa = PBXGroup;
			children = (
				671505A54FA49F8E320C16F9 /* Pods_ExportGoodsImage.framework */,
			);
			name = Frameworks;
			sourceTree = "<group>";
		};
		E64EDDFF1D0C12C30003C26C = {
			isa = PBXGroup;
			children = (
				E64EDE0A1D0C12C30003C26C /* ExportGoodsImage */,
				E64EDE091D0C12C30003C26C /* Products */,
				08B61743F4343DF98CE03B4B /* Pods */,
				C24229C4E85E922A93DE8923 /* Frameworks */,
			);
			sourceTree = "<group>";
		};
		E64EDE091D0C12C30003C26C /* Products */ = {
			isa = PBXGroup;
			children = (
				E64EDE081D0C12C30003C26C /* ExportGoodsImage.app */,
			);
			name = Products;
			sourceTree = "<group>";
		};
		E64EDE0A1D0C12C30003C26C /* ExportGoodsImage */ = {
			isa = PBXGroup;
			children = (
				E64EDE611D0FC0310003C26C /* fonts */,
				E64EDE0E1D0C12C30003C26C /* AppDelegate.h */,
				E64EDE0F1D0C12C30003C26C /* AppDelegate.m */,
				E64EDE111D0C12C30003C26C /* ViewController.h */,
				E64EDE121D0C12C30003C26C /* ViewController.m */,
				E64EDE141D0C12C30003C26C /* Main.storyboard */,
				E64EDE171D0C12C30003C26C /* Assets.xcassets */,
				E64EDE191D0C12C30003C26C /* LaunchScreen.storyboard */,
				E64EDE1C1D0C12C30003C26C /* Info.plist */,
				E64EDE0B1D0C12C30003C26C /* Supporting Files */,
				E64EDE221D0C12D90003C26C /* ExportGoodsView.h */,
				E64EDE231D0C12D90003C26C /* ExportGoodsView.m */,
				E64EDE251D0C27290003C26C /* SizeParaLabel.h */,
				E64EDE261D0C27290003C26C /* SizeParaLabel.m */,
				E64EDE281D0CF90C0003C26C /* DashLineView.h */,
				E64EDE291D0CF90C0003C26C /* DashLineView.m */,
				E64EDE2B1D0D39E60003C26C /* GoodsData.h */,
				E64EDE2C1D0D39E60003C26C /* GoodsData.m */,
				E64EDE2E1D0D490D0003C26C /* ImageLoadModel.h */,
				E64EDE2F1D0D490D0003C26C /* ImageLoadModel.m */,
				E64EDE311D0D69850003C26C /* MyHTTPConnection.h */,
				E64EDE321D0D69850003C26C /* MyHTTPConnection.m */,
				E64EDE341D0D74150003C26C /* ExportImageManager.h */,
				E64EDE351D0D74150003C26C /* ExportImageManager.m */,
				E64EDE371D0DA7860003C26C /* Config.h */,
				E64EDE5F1D0E8EBC0003C26C /* InterfaceUrl.plist */,
				E64EDE5D1D0E8DF10003C26C /* goods.json */,
			);
			path = ExportGoodsImage;
			sourceTree = "<group>";
		};
		E64EDE0B1D0C12C30003C26C /* Supporting Files */ = {
			isa = PBXGroup;
			children = (
				E64EDE0C1D0C12C30003C26C /* main.m */,
			);
			name = "Supporting Files";
			sourceTree = "<group>";
		};
		E64EDE611D0FC0310003C26C /* fonts */ = {
			isa = PBXGroup;
			children = (
				E64EDE621D0FC0450003C26C /* ACaslonPro_BoldItalic.otf */,
				E64EDE631D0FC0450003C26C /* ACaslonPro_Italic.otf */,
				E64EDE641D0FC0450003C26C /* ACaslonPro_SemiboldItalic.otf */,
				E64EDE651D0FC0450003C26C /* AdobeHeitiStd_Regular.otf */,
				E64EDE661D0FC0450003C26C /* Bradley_Hand_Bold.ttf */,
				E64EDE671D0FC0450003C26C /* Lantinghei.ttc */,
			);
			path = fonts;
			sourceTree = "<group>";
		};
/* End PBXGroup section */

/* Begin PBXNativeTarget section */
		E64EDE071D0C12C30003C26C /* ExportGoodsImage */ = {
			isa = PBXNativeTarget;
			buildConfigurationList = E64EDE1F1D0C12C30003C26C /* Build configuration list for PBXNativeTarget "ExportGoodsImage" */;
			buildPhases = (
				F31E79856CFD4796516851CA /* 📦 Check Pods Manifest.lock */,
				E64EDE041D0C12C30003C26C /* Sources */,
				E64EDE051D0C12C30003C26C /* Frameworks */,
				E64EDE061D0C12C30003C26C /* Resources */,
				F170E97EDB087CA913F6DA24 /* 📦 Embed Pods Frameworks */,
				230D74031909E55ED573C6CB /* 📦 Copy Pods Resources */,
			);
			buildRules = (
			);
			dependencies = (
			);
			name = ExportGoodsImage;
			productName = ExportGoodsImage;
			productReference = E64EDE081D0C12C30003C26C /* ExportGoodsImage.app */;
			productType = "com.apple.product-type.application";
		};
/* End PBXNativeTarget section */

/* Begin PBXProject section */
		E64EDE001D0C12C30003C26C /* Project object */ = {
			isa = PBXProject;
			attributes = {
				LastUpgradeCheck = 0730;
				ORGANIZATIONNAME = lvpengwei;
				TargetAttributes = {
					E64EDE071D0C12C30003C26C = {
						CreatedOnToolsVersion = 7.3.1;
					};
				};
			};
			buildConfigurationList = E64EDE031D0C12C30003C26C /* Build configuration list for PBXProject "ExportGoodsImage" */;
			compatibilityVersion = "Xcode 3.2";
			developmentRegion = English;
			hasScannedForEncodings = 0;
			knownRegions = (
				en,
				Base,
			);
			mainGroup = E64EDDFF1D0C12C30003C26C;
			productRefGroup = E64EDE091D0C12C30003C26C /* Products */;
			projectDirPath = "";
			projectRoot = "";
			targets = (
				E64EDE071D0C12C30003C26C /* ExportGoodsImage */,
			);
		};
/* End PBXProject section */

/* Begin PBXResourcesBuildPhase section */
		E64EDE061D0C12C30003C26C /* Resources */ = {
			isa = PBXResourcesBuildPhase;
			buildActionMask = 2147483647;
			files = (
				E64EDE6A1D0FC0450003C26C /* ACaslonPro_SemiboldItalic.otf in Resources */,
				E64EDE1B1D0C12C30003C26C /* LaunchScreen.storyboard in Resources */,
				E64EDE181D0C12C30003C26C /* Assets.xcassets in Resources */,
				E64EDE6B1D0FC0450003C26C /* AdobeHeitiStd_Regular.otf in Resources */,
				E64EDE601D0E8EBC0003C26C /* InterfaceUrl.plist in Resources */,
				E64EDE5E1D0E8DF10003C26C /* goods.json in Resources */,
				E64EDE6C1D0FC0450003C26C /* Bradley_Hand_Bold.ttf in Resources */,
				E64EDE681D0FC0450003C26C /* ACaslonPro_BoldItalic.otf in Resources */,
				E64EDE6D1D0FC0450003C26C /* Lantinghei.ttc in Resources */,
				E64EDE691D0FC0450003C26C /* ACaslonPro_Italic.otf in Resources */,
				E64EDE161D0C12C30003C26C /* Main.storyboard in Resources */,
			);
			runOnlyForDeploymentPostprocessing = 0;
		};
/* End PBXResourcesBuildPhase section */

/* Begin PBXShellScriptBuildPhase section */
		230D74031909E55ED573C6CB /* 📦 Copy Pods Resources */ = {
			isa = PBXShellScriptBuildPhase;
			buildActionMask = 2147483647;
			files = (
			);
			inputPaths = (
			);
			name = "📦 Copy Pods Resources";
			outputPaths = (
			);
			runOnlyForDeploymentPostprocessing = 0;
			shellPath = /bin/sh;
			shellScript = "\"${SRCROOT}/Pods/Target Support Files/Pods-ExportGoodsImage/Pods-ExportGoodsImage-resources.sh\"\n";
			showEnvVarsInLog = 0;
		};
		F170E97EDB087CA913F6DA24 /* 📦 Embed Pods Frameworks */ = {
			isa = PBXShellScriptBuildPhase;
			buildActionMask = 2147483647;
			files = (
			);
			inputPaths = (
			);
			name = "📦 Embed Pods Frameworks";
			outputPaths = (
			);
			runOnlyForDeploymentPostprocessing = 0;
			shellPath = /bin/sh;
			shellScript = "\"${SRCROOT}/Pods/Target Support Files/Pods-ExportGoodsImage/Pods-ExportGoodsImage-frameworks.sh\"\n";
			showEnvVarsInLog = 0;
		};
		F31E79856CFD4796516851CA /* 📦 Check Pods Manifest.lock */ = {
			isa = PBXShellScriptBuildPhase;
			buildActionMask = 2147483647;
			files = (
			);
			inputPaths = (
			);
			name = "📦 Check Pods Manifest.lock";
			outputPaths = (
			);
			runOnlyForDeploymentPostprocessing = 0;
			shellPath = /bin/sh;
			shellScript = "diff \"${PODS_ROOT}/../Podfile.lock\" \"${PODS_ROOT}/Manifest.lock\" > /dev/null\nif [[ $? != 0 ]] ; then\n    cat << EOM\nerror: The sandbox is not in sync with the Podfile.lock. Run 'pod install' or update your CocoaPods installation.\nEOM\n    exit 1\nfi\n";
			showEnvVarsInLog = 0;
		};
/* End PBXShellScriptBuildPhase section */

/* Begin PBXSourcesBuildPhase section */
		E64EDE041D0C12C30003C26C /* Sources */ = {
			isa = PBXSourcesBuildPhase;
			buildActionMask = 2147483647;
			files = (
				E64EDE271D0C27290003C26C /* SizeParaLabel.m in Sources */,
				E64EDE131D0C12C30003C26C /* ViewController.m in Sources */,
				E64EDE2A1D0CF90C0003C26C /* DashLineView.m in Sources */,
				E64EDE331D0D69850003C26C /* MyHTTPConnection.m in Sources */,
				E64EDE241D0C12D90003C26C /* ExportGoodsView.m in Sources */,
				E64EDE361D0D74150003C26C /* ExportImageManager.m in Sources */,
				E64EDE101D0C12C30003C26C /* AppDelegate.m in Sources */,
				E64EDE2D1D0D39E60003C26C /* GoodsData.m in Sources */,
				E64EDE0D1D0C12C30003C26C /* main.m in Sources */,
				E64EDE301D0D490D0003C26C /* ImageLoadModel.m in Sources */,
			);
			runOnlyForDeploymentPostprocessing = 0;
		};
/* End PBXSourcesBuildPhase section */

/* Begin PBXVariantGroup section */
		E64EDE141D0C12C30003C26C /* Main.storyboard */ = {
			isa = PBXVariantGroup;
			children = (
				E64EDE151D0C12C30003C26C /* Base */,
			);
			name = Main.storyboard;
			sourceTree = "<group>";
		};
		E64EDE191D0C12C30003C26C /* LaunchScreen.storyboard */ = {
			isa = PBXVariantGroup;
			children = (
				E64EDE1A1D0C12C30003C26C /* Base */,
			);
			name = LaunchScreen.storyboard;
			sourceTree = "<group>";
		};
/* End PBXVariantGroup section */

/* Begin XCBuildConfiguration section */
		E64EDE1D1D0C12C30003C26C /* Debug */ = {
			isa = XCBuildConfiguration;
			buildSettings = {
				ALWAYS_SEARCH_USER_PATHS = NO;
				CLANG_ANALYZER_NONNULL = YES;
				CLANG_CXX_LANGUAGE_STANDARD = "gnu++0x";
				CLANG_CXX_LIBRARY = "libc++";
				CLANG_ENABLE_MODULES = YES;
				CLANG_ENABLE_OBJC_ARC = YES;
				CLANG_WARN_BOOL_CONVERSION = YES;
				CLANG_WARN_CONSTANT_CONVERSION = YES;
				CLANG_WARN_DIRECT_OBJC_ISA_USAGE = YES_ERROR;
				CLANG_WARN_EMPTY_BODY = YES;
				CLANG_WARN_ENUM_CONVERSION = YES;
				CLANG_WARN_INT_CONVERSION = YES;
				CLANG_WARN_OBJC_ROOT_CLASS = YES_ERROR;
				CLANG_WARN_UNREACHABLE_CODE = YES;
				CLANG_WARN__DUPLICATE_METHOD_MATCH = YES;
				"CODE_SIGN_IDENTITY[sdk=iphoneos*]" = "iPhone Developer";
				COPY_PHASE_STRIP = NO;
				DEBUG_INFORMATION_FORMAT = dwarf;
				ENABLE_STRICT_OBJC_MSGSEND = YES;
				ENABLE_TESTABILITY = YES;
				GCC_C_LANGUAGE_STANDARD = gnu99;
				GCC_DYNAMIC_NO_PIC = NO;
				GCC_NO_COMMON_BLOCKS = YES;
				GCC_OPTIMIZATION_LEVEL = 0;
				GCC_PREPROCESSOR_DEFINITIONS = (
					"DEBUG=1",
					"$(inherited)",
				);
				GCC_WARN_64_TO_32_BIT_CONVERSION = YES;
				GCC_WARN_ABOUT_RETURN_TYPE = YES_ERROR;
				GCC_WARN_UNDECLARED_SELECTOR = YES;
				GCC_WARN_UNINITIALIZED_AUTOS = YES_AGGRESSIVE;
				GCC_WARN_UNUSED_FUNCTION = YES;
				GCC_WARN_UNUSED_VARIABLE = YES;
				IPHONEOS_DEPLOYMENT_TARGET = 9.3;
				MTL_ENABLE_DEBUG_INFO = YES;
				ONLY_ACTIVE_ARCH = YES;
				SDKROOT = iphoneos;
			};
			name = Debug;
		};
		E64EDE1E1D0C12C30003C26C /* Release */ = {
			isa = XCBuildConfiguration;
			buildSettings = {
				ALWAYS_SEARCH_USER_PATHS = NO;
				CLANG_ANALYZER_NONNULL = YES;
				CLANG_CXX_LANGUAGE_STANDARD = "gnu++0x";
				CLANG_CXX_LIBRARY = "libc++";
				CLANG_ENABLE_MODULES = YES;
				CLANG_ENABLE_OBJC_ARC = YES;
				CLANG_WARN_BOOL_CONVERSION = YES;
				CLANG_WARN_CONSTANT_CONVERSION = YES;
				CLANG_WARN_DIRECT_OBJC_ISA_USAGE = YES_ERROR;
				CLANG_WARN_EMPTY_BODY = YES;
				CLANG_WARN_ENUM_CONVERSION = YES;
				CLANG_WARN_INT_CONVERSION = YES;
				CLANG_WARN_OBJC_ROOT_CLASS = YES_ERROR;
				CLANG_WARN_UNREACHABLE_CODE = YES;
				CLANG_WARN__DUPLICATE_METHOD_MATCH = YES;
				"CODE_SIGN_IDENTITY[sdk=iphoneos*]" = "iPhone Developer";
				COPY_PHASE_STRIP = NO;
				DEBUG_INFORMATION_FORMAT = "dwarf-with-dsym";
				ENABLE_NS_ASSERTIONS = NO;
				ENABLE_STRICT_OBJC_MSGSEND = YES;
				GCC_C_LANGUAGE_STANDARD = gnu99;
				GCC_NO_COMMON_BLOCKS = YES;
				GCC_WARN_64_TO_32_BIT_CONVERSION = YES;
				GCC_WARN_ABOUT_RETURN_TYPE = YES_ERROR;
				GCC_WARN_UNDECLARED_SELECTOR = YES;
				GCC_WARN_UNINITIALIZED_AUTOS = YES_AGGRESSIVE;
				GCC_WARN_UNUSED_FUNCTION = YES;
				GCC_WARN_UNUSED_VARIABLE = YES;
				IPHONEOS_DEPLOYMENT_TARGET = 9.3;
				MTL_ENABLE_DEBUG_INFO = NO;
				SDKROOT = iphoneos;
				VALIDATE_PRODUCT = YES;
			};
			name = Release;
		};
		E64EDE201D0C12C30003C26C /* Debug */ = {
			isa = XCBuildConfiguration;
			baseConfigurationReference = A6B37EC546EEF3F077EE02DC /* Pods-ExportGoodsImage.debug.xcconfig */;
			buildSettings = {
				ASSETCATALOG_COMPILER_APPICON_NAME = AppIcon;
				INFOPLIST_FILE = ExportGoodsImage/Info.plist;
				IPHONEOS_DEPLOYMENT_TARGET = 9.1;
				LD_RUNPATH_SEARCH_PATHS = "$(inherited) @executable_path/Frameworks";
				PRODUCT_BUNDLE_IDENTIFIER = com.lvpengwei.ExportGoodsImage;
				PRODUCT_NAME = "$(TARGET_NAME)";
				TARGETED_DEVICE_FAMILY = "1,2";
			};
			name = Debug;
		};
		E64EDE211D0C12C30003C26C /* Release */ = {
			isa = XCBuildConfiguration;
			baseConfigurationReference = 7168866C5F2F4B1155E9BA9F /* Pods-ExportGoodsImage.release.xcconfig */;
			buildSettings = {
				ASSETCATALOG_COMPILER_APPICON_NAME = AppIcon;
				INFOPLIST_FILE = ExportGoodsImage/Info.plist;
				IPHONEOS_DEPLOYMENT_TARGET = 9.1;
				LD_RUNPATH_SEARCH_PATHS = "$(inherited) @executable_path/Frameworks";
				PRODUCT_BUNDLE_IDENTIFIER = com.lvpengwei.ExportGoodsImage;
				PRODUCT_NAME = "$(TARGET_NAME)";
				TARGETED_DEVICE_FAMILY = "1,2";
			};
			name = Release;
		};
/* End XCBuildConfiguration section */

/* Begin XCConfigurationList section */
		E64EDE031D0C12C30003C26C /* Build configuration list for PBXProject "ExportGoodsImage" */ = {
			isa = XCConfigurationList;
			buildConfigurations = (
				E64EDE1D1D0C12C30003C26C /* Debug */,
				E64EDE1E1D0C12C30003C26C /* Release */,
			);
			defaultConfigurationIsVisible = 0;
			defaultConfigurationName = Release;
		};
		E64EDE1F1D0C12C30003C26C /* Build configuration list for PBXNativeTarget "ExportGoodsImage" */ = {
			isa = XCConfigurationList;
			buildConfigurations = (
				E64EDE201D0C12C30003C26C /* Debug */,
				E64EDE211D0C12C30003C26C /* Release */,
			);
			defaultConfigurationIsVisible = 0;
			defaultConfigurationName = Release;
		};
/* End XCConfigurationList section */
	};
	rootObject = E64EDE001D0C12C30003C26C /* Project object */;
}
